// !$*UTF8*$!
{
	archiveVersion = 1;
	classes = {
	};
	objectVersion = 46;
	objects = {

/* Begin PBXBuildFile section */
		5E36E8981E2704E1003A9914 /* AppDelegate.swift in Sources */ = {isa = PBXBuildFile; fileRef = 5E36E8971E2704E0003A9914 /* AppDelegate.swift */; };
		5E36E89A1E2704E1003A9914 /* ViewController.swift in Sources */ = {isa = PBXBuildFile; fileRef = 5E36E8991E2704E1003A9914 /* ViewController.swift */; };
		5E36E89D1E2704E1003A9914 /* Main.storyboard in Resources */ = {isa = PBXBuildFile; fileRef = 5E36E89B1E2704E1003A9914 /* Main.storyboard */; };
		5E36E89F1E2704E1003A9914 /* Assets.xcassets in Resources */ = {isa = PBXBuildFile; fileRef = 5E36E89E1E2704E1003A9914 /* Assets.xcassets */; };
		5E36E8A21E2704E1003A9914 /* LaunchScreen.storyboard in Resources */ = {isa = PBXBuildFile; fileRef = 5E36E8A01E2704E1003A9914 /* LaunchScreen.storyboard */; };
		5E36E8AD1E2704E1003A9914 /* QuizTests.swift in Sources */ = {isa = PBXBuildFile; fileRef = 5E36E8AC1E2704E1003A9914 /* QuizTests.swift */; };
		5E36E8B81E2704E1003A9914 /* QuizUITests.swift in Sources */ = {isa = PBXBuildFile; fileRef = 5E36E8B71E2704E1003A9914 /* QuizUITests.swift */; };
/* End PBXBuildFile section */

/* Begin PBXContainerItemProxy section */
		5E36E8A91E2704E1003A9914 /* PBXContainerItemProxy */ = {
			isa = PBXContainerItemProxy;
			containerPortal = 5E36E88C1E2704E0003A9914 /* Project object */;
			proxyType = 1;
			remoteGlobalIDString = 5E36E8931E2704E0003A9914;
			remoteInfo = Quiz;
		};
		5E36E8B41E2704E1003A9914 /* PBXContainerItemProxy */ = {
			isa = PBXContainerItemProxy;
			containerPortal = 5E36E88C1E2704E0003A9914 /* Project object */;
			proxyType = 1;
			remoteGlobalIDString = 5E36E8931E2704E0003A9914;
			remoteInfo = Quiz;
		};
/* End PBXContainerItemProxy section */

/* Begin PBXFileReference section */
		5E36E8941E2704E0003A9914 /* Quiz.app */ = {isa = PBXFileReference; explicitFileType = wrapper.application; includeInIndex = 0; path = Quiz.app; sourceTree = BUILT_PRODUCTS_DIR; };
		5E36E8971E2704E0003A9914 /* AppDelegate.swift */ = {isa = PBXFileReference; lastKnownFileType = sourcecode.swift; path = AppDelegate.swift; sourceTree = "<group>"; };
		5E36E8991E2704E1003A9914 /* ViewController.swift */ = {isa = PBXFileReference; lastKnownFileType = sourcecode.swift; path = ViewController.swift; sourceTree = "<group>"; };
		5E36E89C1E2704E1003A9914 /* Base */ = {isa = PBXFileReference; lastKnownFileType = file.storyboard; name = Base; path = Base.lproj/Main.storyboard; sourceTree = "<group>"; };
		5E36E89E1E2704E1003A9914 /* Assets.xcassets */ = {isa = PBXFileReference; lastKnownFileType = folder.assetcatalog; path = Assets.xcassets; sourceTree = "<group>"; };
		5E36E8A11E2704E1003A9914 /* Base */ = {isa = PBXFileReference; lastKnownFileType = file.storyboard; name = Base; path = Base.lproj/LaunchScreen.storyboard; sourceTree = "<group>"; };
		5E36E8A31E2704E1003A9914 /* Info.plist */ = {isa = PBXFileReference; lastKnownFileType = text.plist.xml; path = Info.plist; sourceTree = "<group>"; };
		5E36E8A81E2704E1003A9914 /* QuizTests.xctest */ = {isa = PBXFileReference; explicitFileType = wrapper.cfbundle; includeInIndex = 0; path = QuizTests.xctest; sourceTree = BUILT_PRODUCTS_DIR; };
		5E36E8AC1E2704E1003A9914 /* QuizTests.swift */ = {isa = PBXFileReference; lastKnownFileType = sourcecode.swift; path = QuizTests.swift; sourceTree = "<group>"; };
		5E36E8AE1E2704E1003A9914 /* Info.plist */ = {isa = PBXFileReference; lastKnownFileType = text.plist.xml; path = Info.plist; sourceTree = "<group>"; };
		5E36E8B31E2704E1003A9914 /* QuizUITests.xctest */ = {isa = PBXFileReference; explicitFileType = wrapper.cfbundle; includeInIndex = 0; path = QuizUITests.xctest; sourceTree = BUILT_PRODUCTS_DIR; };
		5E36E8B71E2704E1003A9914 /* QuizUITests.swift */ = {isa = PBXFileReference; lastKnownFileType = sourcecode.swift; path = QuizUITests.swift; sourceTree = "<group>"; };
		5E36E8B91E2704E1003A9914 /* Info.plist */ = {isa = PBXFileReference; lastKnownFileType = text.plist.xml; path = Info.plist; sourceTree = "<group>"; };
/* End PBXFileReference section */

/* Begin PBXFrameworksBuildPhase section */
		5E36E8911E2704E0003A9914 /* Frameworks */ = {
			isa = PBXFrameworksBuildPhase;
			buildActionMask = 2147483647;
			files = (
			);
			runOnlyForDeploymentPostprocessing = 0;
		};
		5E36E8A51E2704E1003A9914 /* Frameworks */ = {
			isa = PBXFrameworksBuildPhase;
			buildActionMask = 2147483647;
			files = (
			);
			runOnlyForDeploymentPostprocessing = 0;
		};
		5E36E8B01E2704E1003A9914 /* Frameworks */ = {
			isa = PBXFrameworksBuildPhase;
			buildActionMask = 2147483647;
			files = (
			);
			runOnlyForDeploymentPostprocessing = 0;
		};
/* End PBXFrameworksBuildPhase section */

/* Begin PBXGroup section */
		5E36E88B1E2704E0003A9914 = {
			isa = PBXGroup;
			children = (
				5E36E8961E2704E0003A9914 /* Quiz */,
				5E36E8AB1E2704E1003A9914 /* QuizTests */,
				5E36E8B61E2704E1003A9914 /* QuizUITests */,
				5E36E8951E2704E0003A9914 /* Products */,
			);
			sourceTree = "<group>";
		};
		5E36E8951E2704E0003A9914 /* Products */ = {
			isa = PBXGroup;
			children = (
				5E36E8941E2704E0003A9914 /* Quiz.app */,
				5E36E8A81E2704E1003A9914 /* QuizTests.xctest */,
				5E36E8B31E2704E1003A9914 /* QuizUITests.xctest */,
			);
			name = Products;
			sourceTree = "<group>";
		};
		5E36E8961E2704E0003A9914 /* Quiz */ = {
			isa = PBXGroup;
			children = (
				5E36E8971E2704E0003A9914 /* AppDelegate.swift */,
				5E36E8991E2704E1003A9914 /* ViewController.swift */,
				5E36E89B1E2704E1003A9914 /* Main.storyboard */,
				5E36E89E1E2704E1003A9914 /* Assets.xcassets */,
				5E36E8A01E2704E1003A9914 /* LaunchScreen.storyboard */,
				5E36E8A31E2704E1003A9914 /* Info.plist */,
			);
			path = Quiz;
			sourceTree = "<group>";
		};
		5E36E8AB1E2704E1003A9914 /* QuizTests */ = {
			isa = PBXGroup;
			children = (
				5E36E8AC1E2704E1003A9914 /* QuizTests.swift */,
				5E36E8AE1E2704E1003A9914 /* Info.plist */,
			);
			path = QuizTests;
			sourceTree = "<group>";
		};
		5E36E8B61E2704E1003A9914 /* QuizUITests */ = {
			isa = PBXGroup;
			children = (
				5E36E8B71E2704E1003A9914 /* QuizUITests.swift */,
				5E36E8B91E2704E1003A9914 /* Info.plist */,
			);
			path = QuizUITests;
			sourceTree = "<group>";
		};
/* End PBXGroup section */

/* Begin PBXNativeTarget section */
		5E36E8931E2704E0003A9914 /* Quiz */ = {
			isa = PBXNativeTarget;
			buildConfigurationList = 5E36E8BC1E2704E1003A9914 /* Build configuration list for PBXNativeTarget "Quiz" */;
			buildPhases = (
				5E36E8901E2704E0003A9914 /* Sources */,
				5E36E8911E2704E0003A9914 /* Frameworks */,
				5E36E8921E2704E0003A9914 /* Resources */,
			);
			buildRules = (
			);
			dependencies = (
			);
			name = Quiz;
			productName = Quiz;
			productReference = 5E36E8941E2704E0003A9914 /* Quiz.app */;
			productType = "com.apple.product-type.application";
		};
		5E36E8A71E2704E1003A9914 /* QuizTests */ = {
			isa = PBXNativeTarget;
			buildConfigurationList = 5E36E8BF1E2704E1003A9914 /* Build configuration list for PBXNativeTarget "QuizTests" */;
			buildPhases = (
				5E36E8A41E2704E1003A9914 /* Sources */,
				5E36E8A51E2704E1003A9914 /* Frameworks */,
				5E36E8A61E2704E1003A9914 /* Resources */,
			);
			buildRules = (
			);
			dependencies = (
				5E36E8AA1E2704E1003A9914 /* PBXTargetDependency */,
			);
			name = QuizTests;
			productName = QuizTests;
			productReference = 5E36E8A81E2704E1003A9914 /* QuizTests.xctest */;
			productType = "com.apple.product-type.bundle.unit-test";
		};
		5E36E8B21E2704E1003A9914 /* QuizUITests */ = {
			isa = PBXNativeTarget;
			buildConfigurationList = 5E36E8C21E2704E1003A9914 /* Build configuration list for PBXNativeTarget "QuizUITests" */;
			buildPhases = (
				5E36E8AF1E2704E1003A9914 /* Sources */,
				5E36E8B01E2704E1003A9914 /* Frameworks */,
				5E36E8B11E2704E1003A9914 /* Resources */,
			);
			buildRules = (
			);
			dependencies = (
				5E36E8B51E2704E1003A9914 /* PBXTargetDependency */,
			);
			name = QuizUITests;
			productName = QuizUITests;
			productReference = 5E36E8B31E2704E1003A9914 /* QuizUITests.xctest */;
			productType = "com.apple.product-type.bundle.ui-testing";
		};
/* End PBXNativeTarget section */

/* Begin PBXProject section */
		5E36E88C1E2704E0003A9914 /* Project object */ = {
			isa = PBXProject;
			attributes = {
				LastSwiftUpdateCheck = 0820;
				LastUpgradeCheck = 0820;
				ORGANIZATIONNAME = "Nelani Dlamini";
				TargetAttributes = {
					5E36E8931E2704E0003A9914 = {
						CreatedOnToolsVersion = 8.2.1;
						ProvisioningStyle = Automatic;
					};
					5E36E8A71E2704E1003A9914 = {
						CreatedOnToolsVersion = 8.2.1;
						ProvisioningStyle = Automatic;
						TestTargetID = 5E36E8931E2704E0003A9914;
					};
					5E36E8B21E2704E1003A9914 = {
						CreatedOnToolsVersion = 8.2.1;
						ProvisioningStyle = Automatic;
						TestTargetID = 5E36E8931E2704E0003A9914;
					};
				};
			};
			buildConfigurationList = 5E36E88F1E2704E0003A9914 /* Build configuration list for PBXProject "Quiz" */;
			compatibilityVersion = "Xcode 3.2";
			developmentRegion = English;
			hasScannedForEncodings = 0;
			knownRegions = (
				en,
				Base,
			);
			mainGroup = 5E36E88B1E2704E0003A9914;
			productRefGroup = 5E36E8951E2704E0003A9914 /* Products */;
			projectDirPath = "";
			projectRoot = "";
			targets = (
				5E36E8931E2704E0003A9914 /* Quiz */,
				5E36E8A71E2704E1003A9914 /* QuizTests */,
				5E36E8B21E2704E1003A9914 /* QuizUITests */,
			);
		};
/* End PBXProject section */

/* Begin PBXResourcesBuildPhase section */
		5E36E8921E2704E0003A9914 /* Resources */ = {
			isa = PBXResourcesBuildPhase;
			buildActionMask = 2147483647;
			files = (
				5E36E8A21E2704E1003A9914 /* LaunchScreen.storyboard in Resources */,
				5E36E89F1E2704E1003A9914 /* Assets.xcassets in Resources */,
				5E36E89D1E2704E1003A9914 /* Main.storyboard in Resources */,
			);
			runOnlyForDeploymentPostprocessing = 0;
		};
		5E36E8A61E2704E1003A9914 /* Resources */ = {
			isa = PBXResourcesBuildPhase;
			buildActionMask = 2147483647;
			files = (
			);
			runOnlyForDeploymentPostprocessing = 0;
		};
		5E36E8B11E2704E1003A9914 /* Resources */ = {
			isa = PBXResourcesBuildPhase;
			buildActionMask = 2147483647;
			files = (
			);
			runOnlyForDeploymentPostprocessing = 0;
		};
/* End PBXResourcesBuildPhase section */

/* Begin PBXSourcesBuildPhase section */
		5E36E8901E2704E0003A9914 /* Sources */ = {
			isa = PBXSourcesBuildPhase;
			buildActionMask = 2147483647;
			files = (
				5E36E89A1E2704E1003A9914 /* ViewController.swift in Sources */,
				5E36E8981E2704E1003A9914 /* AppDelegate.swift in Sources */,
			);
			runOnlyForDeploymentPostprocessing = 0;
		};
		5E36E8A41E2704E1003A9914 /* Sources */ = {
			isa = PBXSourcesBuildPhase;
			buildActionMask = 2147483647;
			files = (
				5E36E8AD1E2704E1003A9914 /* QuizTests.swift in Sources */,
			);
			runOnlyForDeploymentPostprocessing = 0;
		};
		5E36E8AF1E2704E1003A9914 /* Sources */ = {
			isa = PBXSourcesBuildPhase;
			buildActionMask = 2147483647;
			files = (
				5E36E8B81E2704E1003A9914 /* QuizUITests.swift in Sources */,
			);
			runOnlyForDeploymentPostprocessing = 0;
		};
/* End PBXSourcesBuildPhase section */

/* Begin PBXTargetDependency section */
		5E36E8AA1E2704E1003A9914 /* PBXTargetDependency */ = {
			isa = PBXTargetDependency;
			target = 5E36E8931E2704E0003A9914 /* Quiz */;
			targetProxy = 5E36E8A91E2704E1003A9914 /* PBXContainerItemProxy */;
		};
		5E36E8B51E2704E1003A9914 /* PBXTargetDependency */ = {
			isa = PBXTargetDependency;
			target = 5E36E8931E2704E0003A9914 /* Quiz */;
			targetProxy = 5E36E8B41E2704E1003A9914 /* PBXContainerItemProxy */;
		};
/* End PBXTargetDependency section */

/* Begin PBXVariantGroup section */
		5E36E89B1E2704E1003A9914 /* Main.storyboard */ = {
			isa = PBXVariantGroup;
			children = (
				5E36E89C1E2704E1003A9914 /* Base */,
			);
			name = Main.storyboard;
			sourceTree = "<group>";
		};
		5E36E8A01E2704E1003A9914 /* LaunchScreen.storyboard */ = {
			isa = PBXVariantGroup;
			children = (
				5E36E8A11E2704E1003A9914 /* Base */,
			);
			name = LaunchScreen.storyboard;
			sourceTree = "<group>";
		};
/* End PBXVariantGroup section */

/* Begin XCBuildConfiguration section */
		5E36E8BA1E2704E1003A9914 /* Debug */ = {
			isa = XCBuildConfiguration;
			buildSettings = {
				ALWAYS_SEARCH_USER_PATHS = NO;
				CLANG_ANALYZER_NONNULL = YES;
				CLANG_CXX_LANGUAGE_STANDARD = "gnu++0x";
				CLANG_CXX_LIBRARY = "libc++";
				CLANG_ENABLE_MODULES = YES;
				CLANG_ENABLE_OBJC_ARC = YES;
				CLANG_WARN_BOOL_CONVERSION = YES;
				CLANG_WARN_CONSTANT_CONVERSION = YES;
				CLANG_WARN_DIRECT_OBJC_ISA_USAGE = YES_ERROR;
				CLANG_WARN_DOCUMENTATION_COMMENTS = YES;
				CLANG_WARN_EMPTY_BODY = YES;
				CLANG_WARN_ENUM_CONVERSION = YES;
				CLANG_WARN_INFINITE_RECURSION = YES;
				CLANG_WARN_INT_CONVERSION = YES;
				CLANG_WARN_OBJC_ROOT_CLASS = YES_ERROR;
				CLANG_WARN_SUSPICIOUS_MOVE = YES;
				CLANG_WARN_UNREACHABLE_CODE = YES;
				CLANG_WARN__DUPLICATE_METHOD_MATCH = YES;
				"CODE_SIGN_IDENTITY[sdk=iphoneos*]" = "iPhone Developer";
				COPY_PHASE_STRIP = NO;
				DEBUG_INFORMATION_FORMAT = dwarf;
				ENABLE_STRICT_OBJC_MSGSEND = YES;
				ENABLE_TESTABILITY = YES;
				GCC_C_LANGUAGE_STANDARD = gnu99;
				GCC_DYNAMIC_NO_PIC = NO;
				GCC_NO_COMMON_BLOCKS = YES;
				GCC_OPTIMIZATION_LEVEL = 0;
				GCC_PREPROCESSOR_DEFINITIONS = (
					"DEBUG=1",
					"$(inherited)",
				);
				GCC_WARN_64_TO_32_BIT_CONVERSION = YES;
				GCC_WARN_ABOUT_RETURN_TYPE = YES_ERROR;
				GCC_WARN_UNDECLARED_SELECTOR = YES;
				GCC_WARN_UNINITIALIZED_AUTOS = YES_AGGRESSIVE;
				GCC_WARN_UNUSED_FUNCTION = YES;
				GCC_WARN_UNUSED_VARIABLE = YES;
				IPHONEOS_DEPLOYMENT_TARGET = 10.2;
				MTL_ENABLE_DEBUG_INFO = YES;
				ONLY_ACTIVE_ARCH = YES;
				SDKROOT = iphoneos;
				SWIFT_ACTIVE_COMPILATION_CONDITIONS = DEBUG;
				SWIFT_OPTIMIZATION_LEVEL = "-Onone";
				TARGETED_DEVICE_FAMILY = "1,2";
			};
			name = Debug;
		};
		5E36E8BB1E2704E1003A9914 /* Release */ = {
			isa = XCBuildConfiguration;
			buildSettings = {
				ALWAYS_SEARCH_USER_PATHS = NO;
				CLANG_ANALYZER_NONNULL = YES;
				CLANG_CXX_LANGUAGE_STANDARD = "gnu++0x";
				CLANG_CXX_LIBRARY = "libc++";
				CLANG_ENABLE_MODULES = YES;
				CLANG_ENABLE_OBJC_ARC = YES;
				CLANG_WARN_BOOL_CONVERSION = YES;
				CLANG_WARN_CONSTANT_CONVERSION = YES;
				CLANG_WARN_DIRECT_OBJC_ISA_USAGE = YES_ERROR;
				CLANG_WARN_DOCUMENTATION_COMMENTS = YES;
				CLANG_WARN_EMPTY_BODY = YES;
				CLANG_WARN_ENUM_CONVERSION = YES;
				CLANG_WARN_INFINITE_RECURSION = YES;
				CLANG_WARN_INT_CONVERSION = YES;
				CLANG_WARN_OBJC_ROOT_CLASS = YES_ERROR;
				CLANG_WARN_SUSPICIOUS_MOVE = YES;
				CLANG_WARN_UNREACHABLE_CODE = YES;
				CLANG_WARN__DUPLICATE_METHOD_MATCH = YES;
				"CODE_SIGN_IDENTITY[sdk=iphoneos*]" = "iPhone Developer";
				COPY_PHASE_STRIP = NO;
				DEBUG_INFORMATION_FORMAT = "dwarf-with-dsym";
				ENABLE_NS_ASSERTIONS = NO;
				ENABLE_STRICT_OBJC_MSGSEND = YES;
				GCC_C_LANGUAGE_STANDARD = gnu99;
				GCC_NO_COMMON_BLOCKS = YES;
				GCC_WARN_64_TO_32_BIT_CONVERSION = YES;
				GCC_WARN_ABOUT_RETURN_TYPE = YES_ERROR;
				GCC_WARN_UNDECLARED_SELECTOR = YES;
				GCC_WARN_UNINITIALIZED_AUTOS = YES_AGGRESSIVE;
				GCC_WARN_UNUSED_FUNCTION = YES;
				GCC_WARN_UNUSED_VARIABLE = YES;
				IPHONEOS_DEPLOYMENT_TARGET = 10.2;
				MTL_ENABLE_DEBUG_INFO = NO;
				SDKROOT = iphoneos;
				SWIFT_OPTIMIZATION_LEVEL = "-Owholemodule";
				TARGETED_DEVICE_FAMILY = "1,2";
				VALIDATE_PRODUCT = YES;
			};
			name = Release;
		};
		5E36E8BD1E2704E1003A9914 /* Debug */ = {
			isa = XCBuildConfiguration;
			buildSettings = {
				ASSETCATALOG_COMPILER_APPICON_NAME = AppIcon;
				INFOPLIST_FILE = Quiz/Info.plist;
				LD_RUNPATH_SEARCH_PATHS = "$(inherited) @executable_path/Frameworks";
				PRODUCT_BUNDLE_IDENTIFIER = nalatiwi.Quiz;
				PRODUCT_NAME = "$(TARGET_NAME)";
				SWIFT_VERSION = 3.0;
			};
			name = Debug;
		};
		5E36E8BE1E2704E1003A9914 /* Release */ = {
			isa = XCBuildConfiguration;
			buildSettings = {
				ASSETCATALOG_COMPILER_APPICON_NAME = AppIcon;
				INFOPLIST_FILE = Quiz/Info.plist;
				LD_RUNPATH_SEARCH_PATHS = "$(inherited) @executable_path/Frameworks";
				PRODUCT_BUNDLE_IDENTIFIER = nalatiwi.Quiz;
				PRODUCT_NAME = "$(TARGET_NAME)";
				SWIFT_VERSION = 3.0;
			};
			name = Release;
		};
		5E36E8C01E2704E1003A9914 /* Debug */ = {
			isa = XCBuildConfiguration;
			buildSettings = {
				ALWAYS_EMBED_SWIFT_STANDARD_LIBRARIES = YES;
				BUNDLE_LOADER = "$(TEST_HOST)";
				INFOPLIST_FILE = QuizTests/Info.plist;
				LD_RUNPATH_SEARCH_PATHS = "$(inherited) @executable_path/Frameworks @loader_path/Frameworks";
				PRODUCT_BUNDLE_IDENTIFIER = nalatiwi.QuizTests;
				PRODUCT_NAME = "$(TARGET_NAME)";
				SWIFT_VERSION = 3.0;
				TEST_HOST = "$(BUILT_PRODUCTS_DIR)/Quiz.app/Quiz";
			};
			name = Debug;
		};
		5E36E8C11E2704E1003A9914 /* Release */ = {
			isa = XCBuildConfiguration;
			buildSettings = {
				ALWAYS_EMBED_SWIFT_STANDARD_LIBRARIES = YES;
				BUNDLE_LOADER = "$(TEST_HOST)";
				INFOPLIST_FILE = QuizTests/Info.plist;
				LD_RUNPATH_SEARCH_PATHS = "$(inherited) @executable_path/Frameworks @loader_path/Frameworks";
				PRODUCT_BUNDLE_IDENTIFIER = nalatiwi.QuizTests;
				PRODUCT_NAME = "$(TARGET_NAME)";
				SWIFT_VERSION = 3.0;
				TEST_HOST = "$(BUILT_PRODUCTS_DIR)/Quiz.app/Quiz";
			};
			name = Release;
		};
		5E36E8C31E2704E1003A9914 /* Debug */ = {
			isa = XCBuildConfiguration;
			buildSettings = {
				ALWAYS_EMBED_SWIFT_STANDARD_LIBRARIES = YES;
				INFOPLIST_FILE = QuizUITests/Info.plist;
				LD_RUNPATH_SEARCH_PATHS = "$(inherited) @executable_path/Frameworks @loader_path/Frameworks";
				PRODUCT_BUNDLE_IDENTIFIER = nalatiwi.QuizUITests;
				PRODUCT_NAME = "$(TARGET_NAME)";
				SWIFT_VERSION = 3.0;
				TEST_TARGET_NAME = Quiz;
			};
			name = Debug;
		};
		5E36E8C41E2704E1003A9914 /* Release */ = {
			isa = XCBuildConfiguration;
			buildSettings = {
				ALWAYS_EMBED_SWIFT_STANDARD_LIBRARIES = YES;
				INFOPLIST_FILE = QuizUITests/Info.plist;
				LD_RUNPATH_SEARCH_PATHS = "$(inherited) @executable_path/Frameworks @loader_path/Frameworks";
				PRODUCT_BUNDLE_IDENTIFIER = nalatiwi.QuizUITests;
				PRODUCT_NAME = "$(TARGET_NAME)";
				SWIFT_VERSION = 3.0;
				TEST_TARGET_NAME = Quiz;
			};
			name = Release;
		};
/* End XCBuildConfiguration section */

/* Begin XCConfigurationList section */
		5E36E88F1E2704E0003A9914 /* Build configuration list for PBXProject "Quiz" */ = {
			isa = XCConfigurationList;
			buildConfigurations = (
				5E36E8BA1E2704E1003A9914 /* Debug */,
				5E36E8BB1E2704E1003A9914 /* Release */,
			);
			defaultConfigurationIsVisible = 0;
			defaultConfigurationName = Release;
		};
		5E36E8BC1E2704E1003A9914 /* Build configuration list for PBXNativeTarget "Quiz" */ = {
			isa = XCConfigurationList;
			buildConfigurations = (
				5E36E8BD1E2704E1003A9914 /* Debug */,
				5E36E8BE1E2704E1003A9914 /* Release */,
			);
			defaultConfigurationIsVisible = 0;
		};
		5E36E8BF1E2704E1003A9914 /* Build configuration list for PBXNativeTarget "QuizTests" */ = {
			isa = XCConfigurationList;
			buildConfigurations = (
				5E36E8C01E2704E1003A9914 /* Debug */,
				5E36E8C11E2704E1003A9914 /* Release */,
			);
			defaultConfigurationIsVisible = 0;
		};
		5E36E8C21E2704E1003A9914 /* Build configuration list for PBXNativeTarget "QuizUITests" */ = {
			isa = XCConfigurationList;
			buildConfigurations = (
				5E36E8C31E2704E1003A9914 /* Debug */,
				5E36E8C41E2704E1003A9914 /* Release */,
			);
			defaultConfigurationIsVisible = 0;
		};
/* End XCConfigurationList section */
	};
	rootObject = 5E36E88C1E2704E0003A9914 /* Project object */;
}
